<Solution>
  <Configurations>
    <Platform Name="Any CPU" />
    <Platform Name="x86" />
  </Configurations>
  <Project Path="ConsoleApp2/ConsoleApp2.csproj" />
  <Project Path="ConsoleApp2Setup/ConsoleApp2Setup.wixproj" Type="b7dd6f7e-def8-4e67-b5b7-07ef123db6f0" Id="75c57a10-869d-473b-a7c1-0a025e87f7b4">
    <Platform Project="x86" />
  </Project>
</Solution>
